
Microsoft Visual Studio Solution File, Format Version 12.00
# Visual Studio Version 17
VisualStudioVersion = 17.0.31903.59
MinimumVisualStudioVersion = 10.0.40219.1
Project("{FAE04EC0-301F-11D3-BF4B-00C04F79EFBC}") = "ProductApi", "ProductApi\ProductApi.csproj", "{080651B2-D668-478F-8360-D7B1985207DB}"
EndProject
Project("{FAE04EC0-301F-11D3-BF4B-00C04F79EFBC}") = "ProductApi.Tests", "ProductApi.Tests\ProductApi.Tests.csproj", "{3D64F37B-B7F7-4B64-A845-E41472285DBF}"
EndProject
Global
	GlobalSection(SolutionConfigurationPlatforms) = preSolution
		Debug|Any CPU = Debug|Any CPU
		Debug|x64 = Debug|x64
		Debug|x86 = Debug|x86
		Release|Any CPU = Release|Any CPU
		Release|x64 = Release|x64
		Release|x86 = Release|x86
	EndGlobalSection
	GlobalSection(ProjectConfigurationPlatforms) = postSolution
		{080651B2-D668-478F-8360-D7B1985207DB}.Debug|Any CPU.ActiveCfg = Debug|Any CPU
		{080651B2-D668-478F-8360-D7B1985207DB}.Debug|Any CPU.Build.0 = Debug|Any CPU
		{080651B2-D668-478F-8360-D7B1985207DB}.Debug|x64.ActiveCfg = Debug|Any CPU
		{080651B2-D668-478F-8360-D7B1985207DB}.Debug|x64.Build.0 = Debug|Any CPU
		{080651B2-D668-478F-8360-D7B1985207DB}.Debug|x86.ActiveCfg = Debug|Any CPU
		{080651B2-D668-478F-8360-D7B1985207DB}.Debug|x86.Build.0 = Debug|Any CPU
		{080651B2-D668-478F-8360-D7B1985207DB}.Release|Any CPU.ActiveCfg = Release|Any CPU
		{080651B2-D668-478F-8360-D7B1985207DB}.Release|Any CPU.Build.0 = Release|Any CPU
		{080651B2-D668-478F-8360-D7B1985207DB}.Release|x64.ActiveCfg = Release|Any CPU
		{080651B2-D668-478F-8360-D7B1985207DB}.Release|x64.Build.0 = Release|Any CPU
		{080651B2-D668-478F-8360-D7B1985207DB}.Release|x86.ActiveCfg = Release|Any CPU
		{080651B2-D668-478F-8360-D7B1985207DB}.Release|x86.Build.0 = Release|Any CPU
		{3D64F37B-B7F7-4B64-A845-E41472285DBF}.Debug|Any CPU.ActiveCfg = Debug|Any CPU
		{3D64F37B-B7F7-4B64-A845-E41472285DBF}.Debug|Any CPU.Build.0 = Debug|Any CPU
		{3D64F37B-B7F7-4B64-A845-E41472285DBF}.Debug|x64.ActiveCfg = Debug|Any CPU
		{3D64F37B-B7F7-4B64-A845-E41472285DBF}.Debug|x64.Build.0 = Debug|Any CPU
		{3D64F37B-B7F7-4B64-A845-E41472285DBF}.Debug|x86.ActiveCfg = Debug|Any CPU
		{3D64F37B-B7F7-4B64-A845-E41472285DBF}.Debug|x86.Build.0 = Debug|Any CPU
		{3D64F37B-B7F7-4B64-A845-E41472285DBF}.Release|Any CPU.ActiveCfg = Release|Any CPU
		{3D64F37B-B7F7-4B64-A845-E41472285DBF}.Release|Any CPU.Build.0 = Release|Any CPU
		{3D64F37B-B7F7-4B64-A845-E41472285DBF}.Release|x64.ActiveCfg = Release|Any CPU
		{3D64F37B-B7F7-4B64-A845-E41472285DBF}.Release|x64.Build.0 = Release|Any CPU
		{3D64F37B-B7F7-4B64-A845-E41472285DBF}.Release|x86.ActiveCfg = Release|Any CPU
		{3D64F37B-B7F7-4B64-A845-E41472285DBF}.Release|x86.Build.0 = Release|Any CPU
	EndGlobalSection
	GlobalSection(SolutionProperties) = preSolution
		HideSolutionNode = FALSE
	EndGlobalSection
EndGlobal
